
Microsoft Visual Studio Solution File, Format Version 12.00
# Visual Studio Version 17
VisualStudioVersion = 17.6.33712.159
MinimumVisualStudioVersion = 10.0.40219.1
Project("{FAE04EC0-301F-11D3-BF4B-00C04F79EFBC}") = "word-addon", "word-addon\word-addon.csproj", "{9C1F7087-3A6A-4F39-A152-7B73417AF7E2}"
EndProject
Global
	GlobalSection(SolutionConfigurationPlatforms) = preSolution
		Debug|Any CPU = Debug|Any CPU
		Release|Any CPU = Release|Any CPU
	EndGlobalSection
	GlobalSection(ProjectConfigurationPlatforms) = postSolution
		{9C1F7087-3A6A-4F39-A152-7B73417AF7E2}.Debug|Any CPU.ActiveCfg = Debug|Any CPU
		{9C1F7087-3A6A-4F39-A152-7B73417AF7E2}.Debug|Any CPU.Build.0 = Debug|Any CPU
		{9C1F7087-3A6A-4F39-A152-7B73417AF7E2}.Release|Any CPU.ActiveCfg = Release|Any CPU
		{9C1F7087-3A6A-4F39-A152-7B73417AF7E2}.Release|Any CPU.Build.0 = Release|Any CPU
	EndGlobalSection
	GlobalSection(SolutionProperties) = preSolution
		HideSolutionNode = FALSE
	EndGlobalSection
	GlobalSection(ExtensibilityGlobals) = postSolution
		SolutionGuid = {727A8074-4BF0-43BA-8778-D68758BBD586}
	EndGlobalSection
EndGlobal
